
Microsoft Visual Studio Solution File, Format Version 12.00
# Visual Studio 14
VisualStudioVersion = 14.0.25123.0
MinimumVisualStudioVersion = 10.0.40219.1
Project("{FAE04EC0-301F-11D3-BF4B-00C04F79EFBC}") = "LogAn", "LogAn\LogAn.csproj", "{E1DEF316-480A-44D1-B815-DD60536E3977}"
EndProject
Project("{FAE04EC0-301F-11D3-BF4B-00C04F79EFBC}") = "LogAnalyzerTests", "LogAnalyzerTests\LogAnalyzerTests.csproj", "{E3683E31-8505-40D8-9284-8BE2231338A7}"
EndProject
Global
	GlobalSection(SolutionConfigurationPlatforms) = preSolution
		Debug|Any CPU = Debug|Any CPU
		Release|Any CPU = Release|Any CPU
	EndGlobalSection
	GlobalSection(ProjectConfigurationPlatforms) = postSolution
		{E1DEF316-480A-44D1-B815-DD60536E3977}.Debug|Any CPU.ActiveCfg = Debug|Any CPU
		{E1DEF316-480A-44D1-B815-DD60536E3977}.Debug|Any CPU.Build.0 = Debug|Any CPU
		{E1DEF316-480A-44D1-B815-DD60536E3977}.Release|Any CPU.ActiveCfg = Release|Any CPU
		{E1DEF316-480A-44D1-B815-DD60536E3977}.Release|Any CPU.Build.0 = Release|Any CPU
		{E3683E31-8505-40D8-9284-8BE2231338A7}.Debug|Any CPU.ActiveCfg = Debug|Any CPU
		{E3683E31-8505-40D8-9284-8BE2231338A7}.Debug|Any CPU.Build.0 = Debug|Any CPU
		{E3683E31-8505-40D8-9284-8BE2231338A7}.Release|Any CPU.ActiveCfg = Release|Any CPU
		{E3683E31-8505-40D8-9284-8BE2231338A7}.Release|Any CPU.Build.0 = Release|Any CPU
	EndGlobalSection
	GlobalSection(SolutionProperties) = preSolution
		HideSolutionNode = FALSE
	EndGlobalSection
EndGlobal
