
Microsoft Visual Studio Solution File, Format Version 12.00
# Visual Studio 14
VisualStudioVersion = 14.0.25420.1
MinimumVisualStudioVersion = 10.0.40219.1
Project("{FAE04EC0-301F-11D3-BF4B-00C04F79EFBC}") = "DataStructures", "DataStructures\DataStructures.csproj", "{EC329486-7830-465A-A542-7DFE5646850F}"
EndProject
Project("{FAE04EC0-301F-11D3-BF4B-00C04F79EFBC}") = "Client", "Client\Client.csproj", "{9AD6D5A5-F83F-4E69-836C-33DADC3136D3}"
EndProject
Project("{FAE04EC0-301F-11D3-BF4B-00C04F79EFBC}") = "DSA.UnitTests", "DSA.UnitTests\DSA.UnitTests.csproj", "{504AC669-5394-404C-9DD2-D686A5498A14}"
EndProject
Global
	GlobalSection(SolutionConfigurationPlatforms) = preSolution
		Debug|Any CPU = Debug|Any CPU
		Release|Any CPU = Release|Any CPU
	EndGlobalSection
	GlobalSection(ProjectConfigurationPlatforms) = postSolution
		{EC329486-7830-465A-A542-7DFE5646850F}.Debug|Any CPU.ActiveCfg = Debug|Any CPU
		{EC329486-7830-465A-A542-7DFE5646850F}.Debug|Any CPU.Build.0 = Debug|Any CPU
		{EC329486-7830-465A-A542-7DFE5646850F}.Release|Any CPU.ActiveCfg = Release|Any CPU
		{EC329486-7830-465A-A542-7DFE5646850F}.Release|Any CPU.Build.0 = Release|Any CPU
		{9AD6D5A5-F83F-4E69-836C-33DADC3136D3}.Debug|Any CPU.ActiveCfg = Debug|Any CPU
		{9AD6D5A5-F83F-4E69-836C-33DADC3136D3}.Debug|Any CPU.Build.0 = Debug|Any CPU
		{9AD6D5A5-F83F-4E69-836C-33DADC3136D3}.Release|Any CPU.ActiveCfg = Release|Any CPU
		{9AD6D5A5-F83F-4E69-836C-33DADC3136D3}.Release|Any CPU.Build.0 = Release|Any CPU
		{504AC669-5394-404C-9DD2-D686A5498A14}.Debug|Any CPU.ActiveCfg = Debug|Any CPU
		{504AC669-5394-404C-9DD2-D686A5498A14}.Debug|Any CPU.Build.0 = Debug|Any CPU
		{504AC669-5394-404C-9DD2-D686A5498A14}.Release|Any CPU.ActiveCfg = Release|Any CPU
		{504AC669-5394-404C-9DD2-D686A5498A14}.Release|Any CPU.Build.0 = Release|Any CPU
	EndGlobalSection
	GlobalSection(SolutionProperties) = preSolution
		HideSolutionNode = FALSE
	EndGlobalSection
EndGlobal
