
Microsoft Visual Studio Solution File, Format Version 12.00
# Visual Studio 14
VisualStudioVersion = 14.0.24720.0
MinimumVisualStudioVersion = 10.0.40219.1
Project("{FAE04EC0-301F-11D3-BF4B-00C04F79EFBC}") = "DataStructures", "DataStructures\DataStructures.csproj", "{15B988ED-8B87-4A9F-951E-F1E21B39DD5E}"
EndProject
Project("{FAE04EC0-301F-11D3-BF4B-00C04F79EFBC}") = "Test", "Test\Test.csproj", "{381F36AA-08DA-4DFE-ACBE-096CDB50BB56}"
EndProject
Project("{FAE04EC0-301F-11D3-BF4B-00C04F79EFBC}") = "CheckCorrectBrackets", "CheckCorrectBrackets\CheckCorrectBrackets.csproj", "{138445CD-2ECB-401D-A88A-677CB0ED5EE6}"
EndProject
Project("{FAE04EC0-301F-11D3-BF4B-00C04F79EFBC}") = "1.SumAndAverageOfSequence", "1.SumAndAverageOfSequence\1.SumAndAverageOfSequence.csproj", "{3C782F90-E47D-4C01-A9A0-DAA2A8BF6B78}"
EndProject
Project("{FAE04EC0-301F-11D3-BF4B-00C04F79EFBC}") = "2.PrintNumbersInReverse", "2.PrintNumbersInReverse\2.PrintNumbersInReverse.csproj", "{EB913E1C-8188-4C16-8F50-29104B511832}"
EndProject
Project("{FAE04EC0-301F-11D3-BF4B-00C04F79EFBC}") = "3.IntegerInAscOrder", "3.IntegerInAscOrder\3.IntegerInAscOrder.csproj", "{867355FC-0D4E-48FB-A846-7AE327F86162}"
EndProject
Project("{FAE04EC0-301F-11D3-BF4B-00C04F79EFBC}") = "QueueDemo", "QueueDemo\QueueDemo.csproj", "{28B2A549-09BD-4F77-8C34-0EC05FD68390}"
EndProject
Project("{FAE04EC0-301F-11D3-BF4B-00C04F79EFBC}") = "9.QueueSequence", "9.QueueSequence\9.QueueSequence.csproj", "{52698B2F-7713-47ED-A071-51CB180E87F0}"
EndProject
Project("{FAE04EC0-301F-11D3-BF4B-00C04F79EFBC}") = "4.LongestSequenceInList", "LongestSequenceInList\4.LongestSequenceInList.csproj", "{9A9D690D-305E-4F87-BE39-D5A507C476C3}"
EndProject
Project("{FAE04EC0-301F-11D3-BF4B-00C04F79EFBC}") = "isTheNumberPrime", "isTheNumberPrime\isTheNumberPrime.csproj", "{59B65368-85AF-4CCD-AAA5-C10EFFA8B18A}"
EndProject
Global
	GlobalSection(SolutionConfigurationPlatforms) = preSolution
		Debug|Any CPU = Debug|Any CPU
		Release|Any CPU = Release|Any CPU
	EndGlobalSection
	GlobalSection(ProjectConfigurationPlatforms) = postSolution
		{15B988ED-8B87-4A9F-951E-F1E21B39DD5E}.Debug|Any CPU.ActiveCfg = Debug|Any CPU
		{15B988ED-8B87-4A9F-951E-F1E21B39DD5E}.Debug|Any CPU.Build.0 = Debug|Any CPU
		{15B988ED-8B87-4A9F-951E-F1E21B39DD5E}.Release|Any CPU.ActiveCfg = Release|Any CPU
		{15B988ED-8B87-4A9F-951E-F1E21B39DD5E}.Release|Any CPU.Build.0 = Release|Any CPU
		{381F36AA-08DA-4DFE-ACBE-096CDB50BB56}.Debug|Any CPU.ActiveCfg = Debug|Any CPU
		{381F36AA-08DA-4DFE-ACBE-096CDB50BB56}.Debug|Any CPU.Build.0 = Debug|Any CPU
		{381F36AA-08DA-4DFE-ACBE-096CDB50BB56}.Release|Any CPU.ActiveCfg = Release|Any CPU
		{381F36AA-08DA-4DFE-ACBE-096CDB50BB56}.Release|Any CPU.Build.0 = Release|Any CPU
		{138445CD-2ECB-401D-A88A-677CB0ED5EE6}.Debug|Any CPU.ActiveCfg = Debug|Any CPU
		{138445CD-2ECB-401D-A88A-677CB0ED5EE6}.Debug|Any CPU.Build.0 = Debug|Any CPU
		{138445CD-2ECB-401D-A88A-677CB0ED5EE6}.Release|Any CPU.ActiveCfg = Release|Any CPU
		{138445CD-2ECB-401D-A88A-677CB0ED5EE6}.Release|Any CPU.Build.0 = Release|Any CPU
		{3C782F90-E47D-4C01-A9A0-DAA2A8BF6B78}.Debug|Any CPU.ActiveCfg = Debug|Any CPU
		{3C782F90-E47D-4C01-A9A0-DAA2A8BF6B78}.Debug|Any CPU.Build.0 = Debug|Any CPU
		{3C782F90-E47D-4C01-A9A0-DAA2A8BF6B78}.Release|Any CPU.ActiveCfg = Release|Any CPU
		{3C782F90-E47D-4C01-A9A0-DAA2A8BF6B78}.Release|Any CPU.Build.0 = Release|Any CPU
		{EB913E1C-8188-4C16-8F50-29104B511832}.Debug|Any CPU.ActiveCfg = Debug|Any CPU
		{EB913E1C-8188-4C16-8F50-29104B511832}.Debug|Any CPU.Build.0 = Debug|Any CPU
		{EB913E1C-8188-4C16-8F50-29104B511832}.Release|Any CPU.ActiveCfg = Release|Any CPU
		{EB913E1C-8188-4C16-8F50-29104B511832}.Release|Any CPU.Build.0 = Release|Any CPU
		{867355FC-0D4E-48FB-A846-7AE327F86162}.Debug|Any CPU.ActiveCfg = Debug|Any CPU
		{867355FC-0D4E-48FB-A846-7AE327F86162}.Debug|Any CPU.Build.0 = Debug|Any CPU
		{867355FC-0D4E-48FB-A846-7AE327F86162}.Release|Any CPU.ActiveCfg = Release|Any CPU
		{867355FC-0D4E-48FB-A846-7AE327F86162}.Release|Any CPU.Build.0 = Release|Any CPU
		{28B2A549-09BD-4F77-8C34-0EC05FD68390}.Debug|Any CPU.ActiveCfg = Debug|Any CPU
		{28B2A549-09BD-4F77-8C34-0EC05FD68390}.Debug|Any CPU.Build.0 = Debug|Any CPU
		{28B2A549-09BD-4F77-8C34-0EC05FD68390}.Release|Any CPU.ActiveCfg = Release|Any CPU
		{28B2A549-09BD-4F77-8C34-0EC05FD68390}.Release|Any CPU.Build.0 = Release|Any CPU
		{52698B2F-7713-47ED-A071-51CB180E87F0}.Debug|Any CPU.ActiveCfg = Debug|Any CPU
		{52698B2F-7713-47ED-A071-51CB180E87F0}.Debug|Any CPU.Build.0 = Debug|Any CPU
		{52698B2F-7713-47ED-A071-51CB180E87F0}.Release|Any CPU.ActiveCfg = Release|Any CPU
		{52698B2F-7713-47ED-A071-51CB180E87F0}.Release|Any CPU.Build.0 = Release|Any CPU
		{9A9D690D-305E-4F87-BE39-D5A507C476C3}.Debug|Any CPU.ActiveCfg = Debug|Any CPU
		{9A9D690D-305E-4F87-BE39-D5A507C476C3}.Debug|Any CPU.Build.0 = Debug|Any CPU
		{9A9D690D-305E-4F87-BE39-D5A507C476C3}.Release|Any CPU.ActiveCfg = Release|Any CPU
		{9A9D690D-305E-4F87-BE39-D5A507C476C3}.Release|Any CPU.Build.0 = Release|Any CPU
		{59B65368-85AF-4CCD-AAA5-C10EFFA8B18A}.Debug|Any CPU.ActiveCfg = Debug|Any CPU
		{59B65368-85AF-4CCD-AAA5-C10EFFA8B18A}.Debug|Any CPU.Build.0 = Debug|Any CPU
		{59B65368-85AF-4CCD-AAA5-C10EFFA8B18A}.Release|Any CPU.ActiveCfg = Release|Any CPU
		{59B65368-85AF-4CCD-AAA5-C10EFFA8B18A}.Release|Any CPU.Build.0 = Release|Any CPU
	EndGlobalSection
	GlobalSection(SolutionProperties) = preSolution
		HideSolutionNode = FALSE
	EndGlobalSection
EndGlobal
